# This file is automatically @generated by Cargo.
# It is not intended for manual editing.
version = 4

[[package]]
name = "freelyrss-content-pipeline"
version = "0.1.0"

[[package]]
name = "freelyrss-core-domain"
version = "0.1.0"

[[package]]
name = "freelyrss-feed-engine"
version = "0.1.0"

[[package]]
name = "freelyrss-integration-engine"
version = "0.1.0"

[[package]]
name = "freelyrss-rule-engine"
version = "0.1.0"

[[package]]
name = "freelyrss-search-engine"
version = "0.1.0"

[[package]]
name = "freelyrss-sync-engine"
version = "0.1.0"
